
Microsoft Visual Studio Solution File, Format Version 12.00
# Visual Studio 15
VisualStudioVersion = 15.0.27428.2037
MinimumVisualStudioVersion = 10.0.40219.1
Project("{FAE04EC0-301F-11D3-BF4B-00C04F79EFBC}") = "EmployeePortalApplication", "EmployeePortalApplication\EmployeePortalApplication.csproj", "{7C091AF4-90C6-424D-8166-53AA1FA62E37}"
EndProject
Project("{FAE04EC0-301F-11D3-BF4B-00C04F79EFBC}") = "GoogleVisionAPI", "GoogleVisionAPI\GoogleVisionAPI.csproj", "{600996C8-FCDD-486D-90AE-632CC369BAC1}"
EndProject
Global
	GlobalSection(SolutionConfigurationPlatforms) = preSolution
		Debug|Any CPU = Debug|Any CPU
		Release|Any CPU = Release|Any CPU
	EndGlobalSection
	GlobalSection(ProjectConfigurationPlatforms) = postSolution
		{7C091AF4-90C6-424D-8166-53AA1FA62E37}.Debug|Any CPU.ActiveCfg = Debug|Any CPU
		{7C091AF4-90C6-424D-8166-53AA1FA62E37}.Debug|Any CPU.Build.0 = Debug|Any CPU
		{7C091AF4-90C6-424D-8166-53AA1FA62E37}.Release|Any CPU.ActiveCfg = Release|Any CPU
		{7C091AF4-90C6-424D-8166-53AA1FA62E37}.Release|Any CPU.Build.0 = Release|Any CPU
		{600996C8-FCDD-486D-90AE-632CC369BAC1}.Debug|Any CPU.ActiveCfg = Debug|Any CPU
		{600996C8-FCDD-486D-90AE-632CC369BAC1}.Debug|Any CPU.Build.0 = Debug|Any CPU
		{600996C8-FCDD-486D-90AE-632CC369BAC1}.Release|Any CPU.ActiveCfg = Release|Any CPU
		{600996C8-FCDD-486D-90AE-632CC369BAC1}.Release|Any CPU.Build.0 = Release|Any CPU
	EndGlobalSection
	GlobalSection(SolutionProperties) = preSolution
		HideSolutionNode = FALSE
	EndGlobalSection
	GlobalSection(ExtensibilityGlobals) = postSolution
		SolutionGuid = {A35C2F3E-A57C-4EF8-B44B-EF320B2D5BBF}
	EndGlobalSection
EndGlobal
